// !$*UTF8*$!
{
	archiveVersion = 1;
	classes = {
	};
	objectVersion = 48;
	objects = {

/* Begin PBXBuildFile section */
		47683A13202723AA00EADF27 /* AppDelegate.swift in Sources */ = {isa = PBXBuildFile; fileRef = 47683A12202723AA00EADF27 /* AppDelegate.swift */; };
		47683A15202723AA00EADF27 /* ViewController.swift in Sources */ = {isa = PBXBuildFile; fileRef = 47683A14202723AA00EADF27 /* ViewController.swift */; };
		47683A18202723AA00EADF27 /* Main.storyboard in Resources */ = {isa = PBXBuildFile; fileRef = 47683A16202723AA00EADF27 /* Main.storyboard */; };
		47683A1A202723AA00EADF27 /* Assets.xcassets in Resources */ = {isa = PBXBuildFile; fileRef = 47683A19202723AA00EADF27 /* Assets.xcassets */; };
		47683A1D202723AA00EADF27 /* LaunchScreen.storyboard in Resources */ = {isa = PBXBuildFile; fileRef = 47683A1B202723AA00EADF27 /* LaunchScreen.storyboard */; };
		47683A28202723AA00EADF27 /* QuotesTests.swift in Sources */ = {isa = PBXBuildFile; fileRef = 47683A27202723AA00EADF27 /* QuotesTests.swift */; };
		47683A342027286300EADF27 /* Swinject.framework in Frameworks */ = {isa = PBXBuildFile; fileRef = 47683A332027286200EADF27 /* Swinject.framework */; };
		47683A37202742D800EADF27 /* SwinjectStoryboard.framework in Frameworks */ = {isa = PBXBuildFile; fileRef = 47683A36202742D800EADF27 /* SwinjectStoryboard.framework */; };
		47683A3B2027526100EADF27 /* QuotesTransport.swift in Sources */ = {isa = PBXBuildFile; fileRef = 47683A3A2027526100EADF27 /* QuotesTransport.swift */; };
		47683A3D2027527000EADF27 /* QuotesService.swift in Sources */ = {isa = PBXBuildFile; fileRef = 47683A3C2027527000EADF27 /* QuotesService.swift */; };
		47683A412027528500EADF27 /* Quote.swift in Sources */ = {isa = PBXBuildFile; fileRef = 47683A402027528500EADF27 /* Quote.swift */; };
		47683A44202755B300EADF27 /* Commons.swift in Sources */ = {isa = PBXBuildFile; fileRef = 47683A43202755B300EADF27 /* Commons.swift */; };
		47683A46202755F900EADF27 /* RoundableView.swift in Sources */ = {isa = PBXBuildFile; fileRef = 47683A45202755F900EADF27 /* RoundableView.swift */; };
		47683A482027563800EADF27 /* CardView.swift in Sources */ = {isa = PBXBuildFile; fileRef = 47683A472027563800EADF27 /* CardView.swift */; };
		47683A4A2027565600EADF27 /* RoundableImageView.swift in Sources */ = {isa = PBXBuildFile; fileRef = 47683A492027565600EADF27 /* RoundableImageView.swift */; };
		47683A4C2027567500EADF27 /* LikeAnimations.swift in Sources */ = {isa = PBXBuildFile; fileRef = 47683A4B2027567500EADF27 /* LikeAnimations.swift */; };
		47683A4F2027846B00EADF27 /* BaseOperation.swift in Sources */ = {isa = PBXBuildFile; fileRef = 47683A4E2027846B00EADF27 /* BaseOperation.swift */; };
		47683A512027884500EADF27 /* BaseTransport.swift in Sources */ = {isa = PBXBuildFile; fileRef = 47683A502027884500EADF27 /* BaseTransport.swift */; };
		47683A532027885200EADF27 /* Parser.swift in Sources */ = {isa = PBXBuildFile; fileRef = 47683A522027885200EADF27 /* Parser.swift */; };
		47683A5520278B4B00EADF27 /* DefaultService.swift in Sources */ = {isa = PBXBuildFile; fileRef = 47683A5420278B4B00EADF27 /* DefaultService.swift */; };
/* End PBXBuildFile section */

/* Begin PBXContainerItemProxy section */
		47683A24202723AA00EADF27 /* PBXContainerItemProxy */ = {
			isa = PBXContainerItemProxy;
			containerPortal = 47683A07202723AA00EADF27 /* Project object */;
			proxyType = 1;
			remoteGlobalIDString = 47683A0E202723AA00EADF27;
			remoteInfo = Quotes;
		};
/* End PBXContainerItemProxy section */

/* Begin PBXFileReference section */
		47683A0F202723AA00EADF27 /* Quotes.app */ = {isa = PBXFileReference; explicitFileType = wrapper.application; includeInIndex = 0; path = Quotes.app; sourceTree = BUILT_PRODUCTS_DIR; };
		47683A12202723AA00EADF27 /* AppDelegate.swift */ = {isa = PBXFileReference; lastKnownFileType = sourcecode.swift; path = AppDelegate.swift; sourceTree = "<group>"; };
		47683A14202723AA00EADF27 /* ViewController.swift */ = {isa = PBXFileReference; lastKnownFileType = sourcecode.swift; path = ViewController.swift; sourceTree = "<group>"; };
		47683A17202723AA00EADF27 /* Base */ = {isa = PBXFileReference; lastKnownFileType = file.storyboard; name = Base; path = Base.lproj/Main.storyboard; sourceTree = "<group>"; };
		47683A19202723AA00EADF27 /* Assets.xcassets */ = {isa = PBXFileReference; lastKnownFileType = folder.assetcatalog; path = Assets.xcassets; sourceTree = "<group>"; };
		47683A1C202723AA00EADF27 /* Base */ = {isa = PBXFileReference; lastKnownFileType = file.storyboard; name = Base; path = Base.lproj/LaunchScreen.storyboard; sourceTree = "<group>"; };
		47683A1E202723AA00EADF27 /* Info.plist */ = {isa = PBXFileReference; lastKnownFileType = text.plist.xml; path = Info.plist; sourceTree = "<group>"; };
		47683A23202723AA00EADF27 /* QuotesTests.xctest */ = {isa = PBXFileReference; explicitFileType = wrapper.cfbundle; includeInIndex = 0; path = QuotesTests.xctest; sourceTree = BUILT_PRODUCTS_DIR; };
		47683A27202723AA00EADF27 /* QuotesTests.swift */ = {isa = PBXFileReference; lastKnownFileType = sourcecode.swift; path = QuotesTests.swift; sourceTree = "<group>"; };
		47683A29202723AA00EADF27 /* Info.plist */ = {isa = PBXFileReference; lastKnownFileType = text.plist.xml; path = Info.plist; sourceTree = "<group>"; };
		47683A332027286200EADF27 /* Swinject.framework */ = {isa = PBXFileReference; lastKnownFileType = wrapper.framework; name = Swinject.framework; path = Carthage/Build/iOS/Swinject.framework; sourceTree = SOURCE_ROOT; };
		47683A36202742D800EADF27 /* SwinjectStoryboard.framework */ = {isa = PBXFileReference; lastKnownFileType = wrapper.framework; name = SwinjectStoryboard.framework; path = Carthage/Build/iOS/SwinjectStoryboard.framework; sourceTree = SOURCE_ROOT; };
		47683A3A2027526100EADF27 /* QuotesTransport.swift */ = {isa = PBXFileReference; lastKnownFileType = sourcecode.swift; path = QuotesTransport.swift; sourceTree = "<group>"; };
		47683A3C2027527000EADF27 /* QuotesService.swift */ = {isa = PBXFileReference; lastKnownFileType = sourcecode.swift; path = QuotesService.swift; sourceTree = "<group>"; };
		47683A402027528500EADF27 /* Quote.swift */ = {isa = PBXFileReference; lastKnownFileType = sourcecode.swift; path = Quote.swift; sourceTree = "<group>"; };
		47683A43202755B300EADF27 /* Commons.swift */ = {isa = PBXFileReference; lastKnownFileType = sourcecode.swift; path = Commons.swift; sourceTree = "<group>"; };
		47683A45202755F900EADF27 /* RoundableView.swift */ = {isa = PBXFileReference; lastKnownFileType = sourcecode.swift; path = RoundableView.swift; sourceTree = "<group>"; };
		47683A472027563800EADF27 /* CardView.swift */ = {isa = PBXFileReference; lastKnownFileType = sourcecode.swift; path = CardView.swift; sourceTree = "<group>"; };
		47683A492027565600EADF27 /* RoundableImageView.swift */ = {isa = PBXFileReference; lastKnownFileType = sourcecode.swift; path = RoundableImageView.swift; sourceTree = "<group>"; };
		47683A4B2027567500EADF27 /* LikeAnimations.swift */ = {isa = PBXFileReference; lastKnownFileType = sourcecode.swift; path = LikeAnimations.swift; sourceTree = "<group>"; };
		47683A4E2027846B00EADF27 /* BaseOperation.swift */ = {isa = PBXFileReference; lastKnownFileType = sourcecode.swift; path = BaseOperation.swift; sourceTree = "<group>"; };
		47683A502027884500EADF27 /* BaseTransport.swift */ = {isa = PBXFileReference; lastKnownFileType = sourcecode.swift; path = BaseTransport.swift; sourceTree = "<group>"; };
		47683A522027885200EADF27 /* Parser.swift */ = {isa = PBXFileReference; lastKnownFileType = sourcecode.swift; path = Parser.swift; sourceTree = "<group>"; };
		47683A5420278B4B00EADF27 /* DefaultService.swift */ = {isa = PBXFileReference; lastKnownFileType = sourcecode.swift; path = DefaultService.swift; sourceTree = "<group>"; };
/* End PBXFileReference section */

/* Begin PBXFrameworksBuildPhase section */
		47683A0C202723AA00EADF27 /* Frameworks */ = {
			isa = PBXFrameworksBuildPhase;
			buildActionMask = 2147483647;
			files = (
				47683A37202742D800EADF27 /* SwinjectStoryboard.framework in Frameworks */,
				47683A342027286300EADF27 /* Swinject.framework in Frameworks */,
			);
			runOnlyForDeploymentPostprocessing = 0;
		};
		47683A20202723AA00EADF27 /* Frameworks */ = {
			isa = PBXFrameworksBuildPhase;
			buildActionMask = 2147483647;
			files = (
			);
			runOnlyForDeploymentPostprocessing = 0;
		};
/* End PBXFrameworksBuildPhase section */

/* Begin PBXGroup section */
		47683A06202723AA00EADF27 = {
			isa = PBXGroup;
			children = (
				47683A11202723AA00EADF27 /* Quotes */,
				47683A32202726FA00EADF27 /* Frameworks */,
				47683A26202723AA00EADF27 /* QuotesTests */,
				47683A10202723AA00EADF27 /* Products */,
			);
			sourceTree = "<group>";
		};
		47683A10202723AA00EADF27 /* Products */ = {
			isa = PBXGroup;
			children = (
				47683A0F202723AA00EADF27 /* Quotes.app */,
				47683A23202723AA00EADF27 /* QuotesTests.xctest */,
			);
			name = Products;
			sourceTree = "<group>";
		};
		47683A11202723AA00EADF27 /* Quotes */ = {
			isa = PBXGroup;
			children = (
				47683A42202755A100EADF27 /* Utils */,
				47683A12202723AA00EADF27 /* AppDelegate.swift */,
				47683A14202723AA00EADF27 /* ViewController.swift */,
				47683A4D2027727E00EADF27 /* QuotesList */,
				47683A16202723AA00EADF27 /* Main.storyboard */,
				47683A19202723AA00EADF27 /* Assets.xcassets */,
				47683A1B202723AA00EADF27 /* LaunchScreen.storyboard */,
				47683A1E202723AA00EADF27 /* Info.plist */,
				47683A382027522E00EADF27 /* Services */,
			);
			path = Quotes;
			sourceTree = "<group>";
		};
		47683A26202723AA00EADF27 /* QuotesTests */ = {
			isa = PBXGroup;
			children = (
				47683A27202723AA00EADF27 /* QuotesTests.swift */,
				47683A29202723AA00EADF27 /* Info.plist */,
			);
			path = QuotesTests;
			sourceTree = "<group>";
		};
		47683A32202726FA00EADF27 /* Frameworks */ = {
			isa = PBXGroup;
			children = (
				47683A36202742D800EADF27 /* SwinjectStoryboard.framework */,
				47683A332027286200EADF27 /* Swinject.framework */,
			);
			path = Frameworks;
			sourceTree = "<group>";
		};
		47683A382027522E00EADF27 /* Services */ = {
			isa = PBXGroup;
			children = (
				47683A502027884500EADF27 /* BaseTransport.swift */,
				47683A522027885200EADF27 /* Parser.swift */,
				47683A5420278B4B00EADF27 /* DefaultService.swift */,
				47683A392027524100EADF27 /* QuotesService */,
			);
			path = Services;
			sourceTree = "<group>";
		};
		47683A392027524100EADF27 /* QuotesService */ = {
			isa = PBXGroup;
			children = (
				47683A3A2027526100EADF27 /* QuotesTransport.swift */,
				47683A3C2027527000EADF27 /* QuotesService.swift */,
				47683A402027528500EADF27 /* Quote.swift */,
			);
			path = QuotesService;
			sourceTree = "<group>";
		};
		47683A42202755A100EADF27 /* Utils */ = {
			isa = PBXGroup;
			children = (
				47683A43202755B300EADF27 /* Commons.swift */,
				47683A45202755F900EADF27 /* RoundableView.swift */,
				47683A492027565600EADF27 /* RoundableImageView.swift */,
				47683A472027563800EADF27 /* CardView.swift */,
				47683A4B2027567500EADF27 /* LikeAnimations.swift */,
				47683A4E2027846B00EADF27 /* BaseOperation.swift */,
			);
			path = Utils;
			sourceTree = "<group>";
		};
		47683A4D2027727E00EADF27 /* QuotesList */ = {
			isa = PBXGroup;
			children = (
			);
			path = QuotesList;
			sourceTree = "<group>";
		};
/* End PBXGroup section */

/* Begin PBXNativeTarget section */
		47683A0E202723AA00EADF27 /* Quotes */ = {
			isa = PBXNativeTarget;
			buildConfigurationList = 47683A2C202723AA00EADF27 /* Build configuration list for PBXNativeTarget "Quotes" */;
			buildPhases = (
				47683A0B202723AA00EADF27 /* Sources */,
				47683A0C202723AA00EADF27 /* Frameworks */,
				47683A0D202723AA00EADF27 /* Resources */,
				47683A352027286D00EADF27 /* ShellScript */,
			);
			buildRules = (
			);
			dependencies = (
			);
			name = Quotes;
			productName = Quotes;
			productReference = 47683A0F202723AA00EADF27 /* Quotes.app */;
			productType = "com.apple.product-type.application";
		};
		47683A22202723AA00EADF27 /* QuotesTests */ = {
			isa = PBXNativeTarget;
			buildConfigurationList = 47683A2F202723AA00EADF27 /* Build configuration list for PBXNativeTarget "QuotesTests" */;
			buildPhases = (
				47683A1F202723AA00EADF27 /* Sources */,
				47683A20202723AA00EADF27 /* Frameworks */,
				47683A21202723AA00EADF27 /* Resources */,
			);
			buildRules = (
			);
			dependencies = (
				47683A25202723AA00EADF27 /* PBXTargetDependency */,
			);
			name = QuotesTests;
			productName = QuotesTests;
			productReference = 47683A23202723AA00EADF27 /* QuotesTests.xctest */;
			productType = "com.apple.product-type.bundle.unit-test";
		};
/* End PBXNativeTarget section */

/* Begin PBXProject section */
		47683A07202723AA00EADF27 /* Project object */ = {
			isa = PBXProject;
			attributes = {
				LastSwiftUpdateCheck = 0920;
				LastUpgradeCheck = 0920;
				ORGANIZATIONNAME = "Xavier Pedrals";
				TargetAttributes = {
					47683A0E202723AA00EADF27 = {
						CreatedOnToolsVersion = 9.2;
						ProvisioningStyle = Automatic;
					};
					47683A22202723AA00EADF27 = {
						CreatedOnToolsVersion = 9.2;
						ProvisioningStyle = Automatic;
						TestTargetID = 47683A0E202723AA00EADF27;
					};
				};
			};
			buildConfigurationList = 47683A0A202723AA00EADF27 /* Build configuration list for PBXProject "Quotes" */;
			compatibilityVersion = "Xcode 8.0";
			developmentRegion = en;
			hasScannedForEncodings = 0;
			knownRegions = (
				en,
				Base,
			);
			mainGroup = 47683A06202723AA00EADF27;
			productRefGroup = 47683A10202723AA00EADF27 /* Products */;
			projectDirPath = "";
			projectRoot = "";
			targets = (
				47683A0E202723AA00EADF27 /* Quotes */,
				47683A22202723AA00EADF27 /* QuotesTests */,
			);
		};
/* End PBXProject section */

/* Begin PBXResourcesBuildPhase section */
		47683A0D202723AA00EADF27 /* Resources */ = {
			isa = PBXResourcesBuildPhase;
			buildActionMask = 2147483647;
			files = (
				47683A1D202723AA00EADF27 /* LaunchScreen.storyboard in Resources */,
				47683A1A202723AA00EADF27 /* Assets.xcassets in Resources */,
				47683A18202723AA00EADF27 /* Main.storyboard in Resources */,
			);
			runOnlyForDeploymentPostprocessing = 0;
		};
		47683A21202723AA00EADF27 /* Resources */ = {
			isa = PBXResourcesBuildPhase;
			buildActionMask = 2147483647;
			files = (
			);
			runOnlyForDeploymentPostprocessing = 0;
		};
/* End PBXResourcesBuildPhase section */

/* Begin PBXShellScriptBuildPhase section */
		47683A352027286D00EADF27 /* ShellScript */ = {
			isa = PBXShellScriptBuildPhase;
			buildActionMask = 2147483647;
			files = (
			);
			inputPaths = (
				"$(SRCROOT)/Carthage/Build/iOS/Swinject.framework",
				"$(SRCROOT)/Carthage/Build/iOS/SwinjectStoryboard.framework",
			);
			outputPaths = (
			);
			runOnlyForDeploymentPostprocessing = 0;
			shellPath = /bin/sh;
			shellScript = "/usr/local/bin/carthage copy-frameworks";
		};
/* End PBXShellScriptBuildPhase section */

/* Begin PBXSourcesBuildPhase section */
		47683A0B202723AA00EADF27 /* Sources */ = {
			isa = PBXSourcesBuildPhase;
			buildActionMask = 2147483647;
			files = (
				47683A4C2027567500EADF27 /* LikeAnimations.swift in Sources */,
				47683A44202755B300EADF27 /* Commons.swift in Sources */,
				47683A482027563800EADF27 /* CardView.swift in Sources */,
				47683A3D2027527000EADF27 /* QuotesService.swift in Sources */,
				47683A15202723AA00EADF27 /* ViewController.swift in Sources */,
				47683A3B2027526100EADF27 /* QuotesTransport.swift in Sources */,
				47683A532027885200EADF27 /* Parser.swift in Sources */,
				47683A5520278B4B00EADF27 /* DefaultService.swift in Sources */,
				47683A4F2027846B00EADF27 /* BaseOperation.swift in Sources */,
				47683A512027884500EADF27 /* BaseTransport.swift in Sources */,
				47683A46202755F900EADF27 /* RoundableView.swift in Sources */,
				47683A4A2027565600EADF27 /* RoundableImageView.swift in Sources */,
				47683A412027528500EADF27 /* Quote.swift in Sources */,
				47683A13202723AA00EADF27 /* AppDelegate.swift in Sources */,
			);
			runOnlyForDeploymentPostprocessing = 0;
		};
		47683A1F202723AA00EADF27 /* Sources */ = {
			isa = PBXSourcesBuildPhase;
			buildActionMask = 2147483647;
			files = (
				47683A28202723AA00EADF27 /* QuotesTests.swift in Sources */,
			);
			runOnlyForDeploymentPostprocessing = 0;
		};
/* End PBXSourcesBuildPhase section */

/* Begin PBXTargetDependency section */
		47683A25202723AA00EADF27 /* PBXTargetDependency */ = {
			isa = PBXTargetDependency;
			target = 47683A0E202723AA00EADF27 /* Quotes */;
			targetProxy = 47683A24202723AA00EADF27 /* PBXContainerItemProxy */;
		};
/* End PBXTargetDependency section */

/* Begin PBXVariantGroup section */
		47683A16202723AA00EADF27 /* Main.storyboard */ = {
			isa = PBXVariantGroup;
			children = (
				47683A17202723AA00EADF27 /* Base */,
			);
			name = Main.storyboard;
			sourceTree = "<group>";
		};
		47683A1B202723AA00EADF27 /* LaunchScreen.storyboard */ = {
			isa = PBXVariantGroup;
			children = (
				47683A1C202723AA00EADF27 /* Base */,
			);
			name = LaunchScreen.storyboard;
			sourceTree = "<group>";
		};
/* End PBXVariantGroup section */

/* Begin XCBuildConfiguration section */
		47683A2A202723AA00EADF27 /* Debug */ = {
			isa = XCBuildConfiguration;
			buildSettings = {
				ALWAYS_SEARCH_USER_PATHS = NO;
				CLANG_ANALYZER_NONNULL = YES;
				CLANG_ANALYZER_NUMBER_OBJECT_CONVERSION = YES_AGGRESSIVE;
				CLANG_CXX_LANGUAGE_STANDARD = "gnu++14";
				CLANG_CXX_LIBRARY = "libc++";
				CLANG_ENABLE_MODULES = YES;
				CLANG_ENABLE_OBJC_ARC = YES;
				CLANG_WARN_BLOCK_CAPTURE_AUTORELEASING = YES;
				CLANG_WARN_BOOL_CONVERSION = YES;
				CLANG_WARN_COMMA = YES;
				CLANG_WARN_CONSTANT_CONVERSION = YES;
				CLANG_WARN_DIRECT_OBJC_ISA_USAGE = YES_ERROR;
				CLANG_WARN_DOCUMENTATION_COMMENTS = YES;
				CLANG_WARN_EMPTY_BODY = YES;
				CLANG_WARN_ENUM_CONVERSION = YES;
				CLANG_WARN_INFINITE_RECURSION = YES;
				CLANG_WARN_INT_CONVERSION = YES;
				CLANG_WARN_NON_LITERAL_NULL_CONVERSION = YES;
				CLANG_WARN_OBJC_LITERAL_CONVERSION = YES;
				CLANG_WARN_OBJC_ROOT_CLASS = YES_ERROR;
				CLANG_WARN_RANGE_LOOP_ANALYSIS = YES;
				CLANG_WARN_STRICT_PROTOTYPES = YES;
				CLANG_WARN_SUSPICIOUS_MOVE = YES;
				CLANG_WARN_UNGUARDED_AVAILABILITY = YES_AGGRESSIVE;
				CLANG_WARN_UNREACHABLE_CODE = YES;
				CLANG_WARN__DUPLICATE_METHOD_MATCH = YES;
				CODE_SIGN_IDENTITY = "iPhone Developer";
				COPY_PHASE_STRIP = NO;
				DEBUG_INFORMATION_FORMAT = dwarf;
				ENABLE_STRICT_OBJC_MSGSEND = YES;
				ENABLE_TESTABILITY = YES;
				GCC_C_LANGUAGE_STANDARD = gnu11;
				GCC_DYNAMIC_NO_PIC = NO;
				GCC_NO_COMMON_BLOCKS = YES;
				GCC_OPTIMIZATION_LEVEL = 0;
				GCC_PREPROCESSOR_DEFINITIONS = (
					"DEBUG=1",
					"$(inherited)",
				);
				GCC_WARN_64_TO_32_BIT_CONVERSION = YES;
				GCC_WARN_ABOUT_RETURN_TYPE = YES_ERROR;
				GCC_WARN_UNDECLARED_SELECTOR = YES;
				GCC_WARN_UNINITIALIZED_AUTOS = YES_AGGRESSIVE;
				GCC_WARN_UNUSED_FUNCTION = YES;
				GCC_WARN_UNUSED_VARIABLE = YES;
				IPHONEOS_DEPLOYMENT_TARGET = 11.2;
				MTL_ENABLE_DEBUG_INFO = YES;
				ONLY_ACTIVE_ARCH = YES;
				SDKROOT = iphoneos;
				SWIFT_ACTIVE_COMPILATION_CONDITIONS = DEBUG;
				SWIFT_OPTIMIZATION_LEVEL = "-Onone";
			};
			name = Debug;
		};
		47683A2B202723AA00EADF27 /* Release */ = {
			isa = XCBuildConfiguration;
			buildSettings = {
				ALWAYS_SEARCH_USER_PATHS = NO;
				CLANG_ANALYZER_NONNULL = YES;
				CLANG_ANALYZER_NUMBER_OBJECT_CONVERSION = YES_AGGRESSIVE;
				CLANG_CXX_LANGUAGE_STANDARD = "gnu++14";
				CLANG_CXX_LIBRARY = "libc++";
				CLANG_ENABLE_MODULES = YES;
				CLANG_ENABLE_OBJC_ARC = YES;
				CLANG_WARN_BLOCK_CAPTURE_AUTORELEASING = YES;
				CLANG_WARN_BOOL_CONVERSION = YES;
				CLANG_WARN_COMMA = YES;
				CLANG_WARN_CONSTANT_CONVERSION = YES;
				CLANG_WARN_DIRECT_OBJC_ISA_USAGE = YES_ERROR;
				CLANG_WARN_DOCUMENTATION_COMMENTS = YES;
				CLANG_WARN_EMPTY_BODY = YES;
				CLANG_WARN_ENUM_CONVERSION = YES;
				CLANG_WARN_INFINITE_RECURSION = YES;
				CLANG_WARN_INT_CONVERSION = YES;
				CLANG_WARN_NON_LITERAL_NULL_CONVERSION = YES;
				CLANG_WARN_OBJC_LITERAL_CONVERSION = YES;
				CLANG_WARN_OBJC_ROOT_CLASS = YES_ERROR;
				CLANG_WARN_RANGE_LOOP_ANALYSIS = YES;
				CLANG_WARN_STRICT_PROTOTYPES = YES;
				CLANG_WARN_SUSPICIOUS_MOVE = YES;
				CLANG_WARN_UNGUARDED_AVAILABILITY = YES_AGGRESSIVE;
				CLANG_WARN_UNREACHABLE_CODE = YES;
				CLANG_WARN__DUPLICATE_METHOD_MATCH = YES;
				CODE_SIGN_IDENTITY = "iPhone Developer";
				COPY_PHASE_STRIP = NO;
				DEBUG_INFORMATION_FORMAT = "dwarf-with-dsym";
				ENABLE_NS_ASSERTIONS = NO;
				ENABLE_STRICT_OBJC_MSGSEND = YES;
				GCC_C_LANGUAGE_STANDARD = gnu11;
				GCC_NO_COMMON_BLOCKS = YES;
				GCC_WARN_64_TO_32_BIT_CONVERSION = YES;
				GCC_WARN_ABOUT_RETURN_TYPE = YES_ERROR;
				GCC_WARN_UNDECLARED_SELECTOR = YES;
				GCC_WARN_UNINITIALIZED_AUTOS = YES_AGGRESSIVE;
				GCC_WARN_UNUSED_FUNCTION = YES;
				GCC_WARN_UNUSED_VARIABLE = YES;
				IPHONEOS_DEPLOYMENT_TARGET = 11.2;
				MTL_ENABLE_DEBUG_INFO = NO;
				SDKROOT = iphoneos;
				SWIFT_OPTIMIZATION_LEVEL = "-Owholemodule";
				VALIDATE_PRODUCT = YES;
			};
			name = Release;
		};
		47683A2D202723AA00EADF27 /* Debug */ = {
			isa = XCBuildConfiguration;
			buildSettings = {
				ASSETCATALOG_COMPILER_APPICON_NAME = AppIcon;
				CODE_SIGN_STYLE = Automatic;
				DEVELOPMENT_TEAM = DHMTBABACN;
				FRAMEWORK_SEARCH_PATHS = (
					"$(inherited)",
					"$(PROJECT_DIR)/Carthage/Build/iOS",
				);
				INFOPLIST_FILE = Quotes/Info.plist;
				LD_RUNPATH_SEARCH_PATHS = "$(inherited) @executable_path/Frameworks";
				PRODUCT_BUNDLE_IDENTIFIER = com.xavipedrals.Quotes;
				PRODUCT_NAME = "$(TARGET_NAME)";
				SWIFT_VERSION = 4.0;
				TARGETED_DEVICE_FAMILY = "1,2";
			};
			name = Debug;
		};
		47683A2E202723AA00EADF27 /* Release */ = {
			isa = XCBuildConfiguration;
			buildSettings = {
				ASSETCATALOG_COMPILER_APPICON_NAME = AppIcon;
				CODE_SIGN_STYLE = Automatic;
				DEVELOPMENT_TEAM = DHMTBABACN;
				FRAMEWORK_SEARCH_PATHS = (
					"$(inherited)",
					"$(PROJECT_DIR)/Carthage/Build/iOS",
				);
				INFOPLIST_FILE = Quotes/Info.plist;
				LD_RUNPATH_SEARCH_PATHS = "$(inherited) @executable_path/Frameworks";
				PRODUCT_BUNDLE_IDENTIFIER = com.xavipedrals.Quotes;
				PRODUCT_NAME = "$(TARGET_NAME)";
				SWIFT_VERSION = 4.0;
				TARGETED_DEVICE_FAMILY = "1,2";
			};
			name = Release;
		};
		47683A30202723AA00EADF27 /* Debug */ = {
			isa = XCBuildConfiguration;
			buildSettings = {
				ALWAYS_EMBED_SWIFT_STANDARD_LIBRARIES = YES;
				BUNDLE_LOADER = "$(TEST_HOST)";
				CODE_SIGN_STYLE = Automatic;
				DEVELOPMENT_TEAM = DHMTBABACN;
				INFOPLIST_FILE = QuotesTests/Info.plist;
				LD_RUNPATH_SEARCH_PATHS = "$(inherited) @executable_path/Frameworks @loader_path/Frameworks";
				PRODUCT_BUNDLE_IDENTIFIER = com.xavipedrals.QuotesTests;
				PRODUCT_NAME = "$(TARGET_NAME)";
				SWIFT_VERSION = 4.0;
				TARGETED_DEVICE_FAMILY = "1,2";
				TEST_HOST = "$(BUILT_PRODUCTS_DIR)/Quotes.app/Quotes";
			};
			name = Debug;
		};
		47683A31202723AA00EADF27 /* Release */ = {
			isa = XCBuildConfiguration;
			buildSettings = {
				ALWAYS_EMBED_SWIFT_STANDARD_LIBRARIES = YES;
				BUNDLE_LOADER = "$(TEST_HOST)";
				CODE_SIGN_STYLE = Automatic;
				DEVELOPMENT_TEAM = DHMTBABACN;
				INFOPLIST_FILE = QuotesTests/Info.plist;
				LD_RUNPATH_SEARCH_PATHS = "$(inherited) @executable_path/Frameworks @loader_path/Frameworks";
				PRODUCT_BUNDLE_IDENTIFIER = com.xavipedrals.QuotesTests;
				PRODUCT_NAME = "$(TARGET_NAME)";
				SWIFT_VERSION = 4.0;
				TARGETED_DEVICE_FAMILY = "1,2";
				TEST_HOST = "$(BUILT_PRODUCTS_DIR)/Quotes.app/Quotes";
			};
			name = Release;
		};
/* End XCBuildConfiguration section */

/* Begin XCConfigurationList section */
		47683A0A202723AA00EADF27 /* Build configuration list for PBXProject "Quotes" */ = {
			isa = XCConfigurationList;
			buildConfigurations = (
				47683A2A202723AA00EADF27 /* Debug */,
				47683A2B202723AA00EADF27 /* Release */,
			);
			defaultConfigurationIsVisible = 0;
			defaultConfigurationName = Release;
		};
		47683A2C202723AA00EADF27 /* Build configuration list for PBXNativeTarget "Quotes" */ = {
			isa = XCConfigurationList;
			buildConfigurations = (
				47683A2D202723AA00EADF27 /* Debug */,
				47683A2E202723AA00EADF27 /* Release */,
			);
			defaultConfigurationIsVisible = 0;
			defaultConfigurationName = Release;
		};
		47683A2F202723AA00EADF27 /* Build configuration list for PBXNativeTarget "QuotesTests" */ = {
			isa = XCConfigurationList;
			buildConfigurations = (
				47683A30202723AA00EADF27 /* Debug */,
				47683A31202723AA00EADF27 /* Release */,
			);
			defaultConfigurationIsVisible = 0;
			defaultConfigurationName = Release;
		};
/* End XCConfigurationList section */
	};
	rootObject = 47683A07202723AA00EADF27 /* Project object */;
}
